{
  "name": "miniprogram",
  "version": "1.0.0",
  "lockfileVersion": 1,
  "requires": true,
  "dependencies": {
    "vktool": {
      "version": "1.2.5",
      "resolved": "https://registry.npmjs.org/vktool/-/vktool-1.2.5.tgz",
      "integrity": "sha512-jQqZghwIDSl8KGqT7vhN8azaLETA0m78KB9b3nyo8IQVKvBt/TuGioIHRMW6PY++ZfCi09uVJayLWhCKfsXrCg=="
    }
  }
}
