{
  "name": "miniprogram",
  "version": "1.0.0",
  "lockfileVersion": 1,
  "requires": true,
  "dependencies": {
    "vktool": {
      "version": "1.0.7",
      "resolved": "http://registry.npm.taobao.org/vktool/download/vktool-1.0.7.tgz",
      "integrity": "sha1-NdGLwReDXhgvU0mbVQH1ANo72TM="
    }
  }
}
