{
  "name": "miniprogram",
  "version": "1.0.0",
  "lockfileVersion": 1,
  "requires": true,
  "dependencies": {
    "vktool": {
      "version": "1.0.9",
      "resolved": "http://registry.npm.taobao.org/vktool/download/vktool-1.0.9.tgz",
      "integrity": "sha1-HKIjNCdn/Vnhr8iMQINjR78E96U="
    }
  }
}
